
Microsoft Visual Studio Solution File, Format Version 12.00
# Visual Studio 15
VisualStudioVersion = 15.0.28010.2046
MinimumVisualStudioVersion = 10.0.40219.1
Project("{FAE04EC0-301F-11D3-BF4B-00C04F79EFBC}") = "ToyProgramCH", "ToyProgramCH.csproj", "{5FF3FBD0-0B74-4DF7-AED0-050FB56653BA}"
EndProject
Global
	GlobalSection(SolutionConfigurationPlatforms) = preSolution
		Debug|Any CPU = Debug|Any CPU
		Release|Any CPU = Release|Any CPU
	EndGlobalSection
	GlobalSection(ProjectConfigurationPlatforms) = postSolution
		{5FF3FBD0-0B74-4DF7-AED0-050FB56653BA}.Debug|Any CPU.ActiveCfg = Debug|Any CPU
		{5FF3FBD0-0B74-4DF7-AED0-050FB56653BA}.Debug|Any CPU.Build.0 = Debug|Any CPU
		{5FF3FBD0-0B74-4DF7-AED0-050FB56653BA}.Release|Any CPU.ActiveCfg = Release|Any CPU
		{5FF3FBD0-0B74-4DF7-AED0-050FB56653BA}.Release|Any CPU.Build.0 = Release|Any CPU
	EndGlobalSection
	GlobalSection(SolutionProperties) = preSolution
		HideSolutionNode = FALSE
	EndGlobalSection
	GlobalSection(ExtensibilityGlobals) = postSolution
		SolutionGuid = {19606BD6-BB27-4A80-87E2-9A870D58FF55}
	EndGlobalSection
EndGlobal
